// !$*UTF8*$!
{
	archiveVersion = 1;
	classes = {
	};
	objectVersion = 56;
	objects = {

/* Begin PBXBuildFile section */
		363D66382BA7479700B46B5F /* AppDelegate.swift in Sources */ = {isa = PBXBuildFile; fileRef = 363D66372BA7479700B46B5F /* AppDelegate.swift */; };
		363D663A2BA7479700B46B5F /* SceneDelegate.swift in Sources */ = {isa = PBXBuildFile; fileRef = 363D66392BA7479700B46B5F /* SceneDelegate.swift */; };
		363D66412BA7479900B46B5F /* Assets.xcassets in Resources */ = {isa = PBXBuildFile; fileRef = 363D66402BA7479900B46B5F /* Assets.xcassets */; };
		363D66442BA7479900B46B5F /* Base in Resources */ = {isa = PBXBuildFile; fileRef = 363D66432BA7479900B46B5F /* Base */; };
		363D664F2BA7479900B46B5F /* DragonBallRocioTests.swift in Sources */ = {isa = PBXBuildFile; fileRef = 363D664E2BA7479900B46B5F /* DragonBallRocioTests.swift */; };
		363D66592BA7479900B46B5F /* DragonBallRocioUITests.swift in Sources */ = {isa = PBXBuildFile; fileRef = 363D66582BA7479900B46B5F /* DragonBallRocioUITests.swift */; };
		363D665B2BA7479900B46B5F /* DragonBallRocioUITestsLaunchTests.swift in Sources */ = {isa = PBXBuildFile; fileRef = 363D665A2BA7479900B46B5F /* DragonBallRocioUITestsLaunchTests.swift */; };
		363D66762BA74A3E00B46B5F /* NetworkLogin.swift in Sources */ = {isa = PBXBuildFile; fileRef = 363D66752BA74A3E00B46B5F /* NetworkLogin.swift */; };
		363D66782BA74A4B00B46B5F /* NetworkHeros.swift in Sources */ = {isa = PBXBuildFile; fileRef = 363D66772BA74A4B00B46B5F /* NetworkHeros.swift */; };
		363D667B2BA74B4E00B46B5F /* HerosModel.swift in Sources */ = {isa = PBXBuildFile; fileRef = 363D667A2BA74B4E00B46B5F /* HerosModel.swift */; };
		363D667D2BA74BC500B46B5F /* LoginRepositoryProtocol.swift in Sources */ = {isa = PBXBuildFile; fileRef = 363D667C2BA74BC500B46B5F /* LoginRepositoryProtocol.swift */; };
		363D667F2BA74C1900B46B5F /* HerosRepositoryProtocol.swift in Sources */ = {isa = PBXBuildFile; fileRef = 363D667E2BA74C1900B46B5F /* HerosRepositoryProtocol.swift */; };
		363D66812BA74C6500B46B5F /* ConstantApp.swift in Sources */ = {isa = PBXBuildFile; fileRef = 363D66802BA74C6500B46B5F /* ConstantApp.swift */; };
		363D66832BA74CB800B46B5F /* Endpoints.swift in Sources */ = {isa = PBXBuildFile; fileRef = 363D66822BA74CB800B46B5F /* Endpoints.swift */; };
		363D66862BA74D9500B46B5F /* HTTPResponseCodes.swift in Sources */ = {isa = PBXBuildFile; fileRef = 363D66852BA74D9500B46B5F /* HTTPResponseCodes.swift */; };
		363D66882BA74E1800B46B5F /* HTTPMethods.swift in Sources */ = {isa = PBXBuildFile; fileRef = 363D66872BA74E1800B46B5F /* HTTPMethods.swift */; };
		363D668A2BA74ED500B46B5F /* HerosRepository.swift in Sources */ = {isa = PBXBuildFile; fileRef = 363D66892BA74ED500B46B5F /* HerosRepository.swift */; };
		363D668F2BA750C700B46B5F /* KcLibraryswift in Frameworks */ = {isa = PBXBuildFile; productRef = 363D668E2BA750C700B46B5F /* KcLibraryswift */; };
		363D66912BA7531C00B46B5F /* LogingRepository.swift in Sources */ = {isa = PBXBuildFile; fileRef = 363D66902BA7531C00B46B5F /* LogingRepository.swift */; };
		363D66932BA757A000B46B5F /* LoginUseCase.swift in Sources */ = {isa = PBXBuildFile; fileRef = 363D66922BA757A000B46B5F /* LoginUseCase.swift */; };
		363D66962BA75BE600B46B5F /* LogingViewController.xib in Resources */ = {isa = PBXBuildFile; fileRef = 363D66952BA75BE600B46B5F /* LogingViewController.xib */; };
		363D66972BA75BE600B46B5F /* LogingViewController.swift in Sources */ = {isa = PBXBuildFile; fileRef = 363D66942BA75BE600B46B5F /* LogingViewController.swift */; };
		363D66992BA75F3D00B46B5F /* AppState.swift in Sources */ = {isa = PBXBuildFile; fileRef = 363D66982BA75F3D00B46B5F /* AppState.swift */; };
		363D669C2BA7633200B46B5F /* CombineCocoa in Frameworks */ = {isa = PBXBuildFile; productRef = 363D669B2BA7633200B46B5F /* CombineCocoa */; };
		363D669E2BA76AC200B46B5F /* HerosUseCase.swift in Sources */ = {isa = PBXBuildFile; fileRef = 363D669D2BA76AC200B46B5F /* HerosUseCase.swift */; };
		363D66A22BA76C1700B46B5F /* HerosVieeModel.swift in Sources */ = {isa = PBXBuildFile; fileRef = 363D66A12BA76C1700B46B5F /* HerosVieeModel.swift */; };
		363D66A52BA76D1400B46B5F /* HerosTableViewController.xib in Resources */ = {isa = PBXBuildFile; fileRef = 363D66A42BA76D1400B46B5F /* HerosTableViewController.xib */; };
		363D66A62BA76D1400B46B5F /* HerosTableViewController.swift in Sources */ = {isa = PBXBuildFile; fileRef = 363D66A32BA76D1400B46B5F /* HerosTableViewController.swift */; };
		363D66AA2BA76EF100B46B5F /* HerosTableViewCell.xib in Resources */ = {isa = PBXBuildFile; fileRef = 363D66A92BA76EF100B46B5F /* HerosTableViewCell.xib */; };
		363D66AB2BA76EF100B46B5F /* HerosTableViewCell.swift in Sources */ = {isa = PBXBuildFile; fileRef = 363D66A82BA76EF100B46B5F /* HerosTableViewCell.swift */; };
		363D66AD2BA76FF700B46B5F /* UIImage+Extensions.swift in Sources */ = {isa = PBXBuildFile; fileRef = 363D66AC2BA76FF700B46B5F /* UIImage+Extensions.swift */; };
		363D66B02BAA22C500B46B5F /* Transformacione.swift in Sources */ = {isa = PBXBuildFile; fileRef = 363D66AF2BAA22C500B46B5F /* Transformacione.swift */; };
		363D66B22BAA232600B46B5F /* TransformationsUseCase.swift in Sources */ = {isa = PBXBuildFile; fileRef = 363D66B12BAA232600B46B5F /* TransformationsUseCase.swift */; };
		363D66B42BAA234100B46B5F /* TransformationsRepositoryProtocol.swift in Sources */ = {isa = PBXBuildFile; fileRef = 363D66B32BAA234100B46B5F /* TransformationsRepositoryProtocol.swift */; };
		363D66B62BAA235100B46B5F /* TransformationsRepository.swift in Sources */ = {isa = PBXBuildFile; fileRef = 363D66B52BAA235100B46B5F /* TransformationsRepository.swift */; };
		363D66B82BAA237300B46B5F /* NetworkTransformations.swift in Sources */ = {isa = PBXBuildFile; fileRef = 363D66B72BAA237300B46B5F /* NetworkTransformations.swift */; };
		363D66BA2BAA2D8B00B46B5F /* TransformationsViewModel.swift in Sources */ = {isa = PBXBuildFile; fileRef = 363D66B92BAA2D8B00B46B5F /* TransformationsViewModel.swift */; };
		363D66C32BAA369000B46B5F /* Detail.xib in Resources */ = {isa = PBXBuildFile; fileRef = 363D66C22BAA369000B46B5F /* Detail.xib */; };
		363D66C42BAA369000B46B5F /* DetailViewController.swift in Sources */ = {isa = PBXBuildFile; fileRef = 363D66C12BAA369000B46B5F /* DetailViewController.swift */; };
		363D66C62BAA3A3800B46B5F /* HeroDetailUseCase.swift in Sources */ = {isa = PBXBuildFile; fileRef = 363D66C52BAA3A3800B46B5F /* HeroDetailUseCase.swift */; };
/* End PBXBuildFile section */

/* Begin PBXContainerItemProxy section */
		363D664B2BA7479900B46B5F /* PBXContainerItemProxy */ = {
			isa = PBXContainerItemProxy;
			containerPortal = 363D662C2BA7479700B46B5F /* Project object */;
			proxyType = 1;
			remoteGlobalIDString = 363D66332BA7479700B46B5F;
			remoteInfo = DragonBallRocio;
		};
		363D66552BA7479900B46B5F /* PBXContainerItemProxy */ = {
			isa = PBXContainerItemProxy;
			containerPortal = 363D662C2BA7479700B46B5F /* Project object */;
			proxyType = 1;
			remoteGlobalIDString = 363D66332BA7479700B46B5F;
			remoteInfo = DragonBallRocio;
		};
/* End PBXContainerItemProxy section */

/* Begin PBXFileReference section */
		363D66342BA7479700B46B5F /* DragonBallRocio.app */ = {isa = PBXFileReference; explicitFileType = wrapper.application; includeInIndex = 0; path = DragonBallRocio.app; sourceTree = BUILT_PRODUCTS_DIR; };
		363D66372BA7479700B46B5F /* AppDelegate.swift */ = {isa = PBXFileReference; lastKnownFileType = sourcecode.swift; path = AppDelegate.swift; sourceTree = "<group>"; };
		363D66392BA7479700B46B5F /* SceneDelegate.swift */ = {isa = PBXFileReference; lastKnownFileType = sourcecode.swift; path = SceneDelegate.swift; sourceTree = "<group>"; };
		363D66402BA7479900B46B5F /* Assets.xcassets */ = {isa = PBXFileReference; lastKnownFileType = folder.assetcatalog; path = Assets.xcassets; sourceTree = "<group>"; };
		363D66432BA7479900B46B5F /* Base */ = {isa = PBXFileReference; lastKnownFileType = file.storyboard; name = Base; path = Base.lproj/LaunchScreen.storyboard; sourceTree = "<group>"; };
		363D66452BA7479900B46B5F /* Info.plist */ = {isa = PBXFileReference; lastKnownFileType = text.plist.xml; path = Info.plist; sourceTree = "<group>"; };
		363D664A2BA7479900B46B5F /* DragonBallRocioTests.xctest */ = {isa = PBXFileReference; explicitFileType = wrapper.cfbundle; includeInIndex = 0; path = DragonBallRocioTests.xctest; sourceTree = BUILT_PRODUCTS_DIR; };
		363D664E2BA7479900B46B5F /* DragonBallRocioTests.swift */ = {isa = PBXFileReference; lastKnownFileType = sourcecode.swift; path = DragonBallRocioTests.swift; sourceTree = "<group>"; };
		363D66542BA7479900B46B5F /* DragonBallRocioUITests.xctest */ = {isa = PBXFileReference; explicitFileType = wrapper.cfbundle; includeInIndex = 0; path = DragonBallRocioUITests.xctest; sourceTree = BUILT_PRODUCTS_DIR; };
		363D66582BA7479900B46B5F /* DragonBallRocioUITests.swift */ = {isa = PBXFileReference; lastKnownFileType = sourcecode.swift; path = DragonBallRocioUITests.swift; sourceTree = "<group>"; };
		363D665A2BA7479900B46B5F /* DragonBallRocioUITestsLaunchTests.swift */ = {isa = PBXFileReference; lastKnownFileType = sourcecode.swift; path = DragonBallRocioUITestsLaunchTests.swift; sourceTree = "<group>"; };
		363D66752BA74A3E00B46B5F /* NetworkLogin.swift */ = {isa = PBXFileReference; lastKnownFileType = sourcecode.swift; path = NetworkLogin.swift; sourceTree = "<group>"; };
		363D66772BA74A4B00B46B5F /* NetworkHeros.swift */ = {isa = PBXFileReference; lastKnownFileType = sourcecode.swift; path = NetworkHeros.swift; sourceTree = "<group>"; };
		363D667A2BA74B4E00B46B5F /* HerosModel.swift */ = {isa = PBXFileReference; lastKnownFileType = sourcecode.swift; path = HerosModel.swift; sourceTree = "<group>"; };
		363D667C2BA74BC500B46B5F /* LoginRepositoryProtocol.swift */ = {isa = PBXFileReference; lastKnownFileType = sourcecode.swift; path = LoginRepositoryProtocol.swift; sourceTree = "<group>"; };
		363D667E2BA74C1900B46B5F /* HerosRepositoryProtocol.swift */ = {isa = PBXFileReference; lastKnownFileType = sourcecode.swift; path = HerosRepositoryProtocol.swift; sourceTree = "<group>"; };
		363D66802BA74C6500B46B5F /* ConstantApp.swift */ = {isa = PBXFileReference; lastKnownFileType = sourcecode.swift; path = ConstantApp.swift; sourceTree = "<group>"; };
		363D66822BA74CB800B46B5F /* Endpoints.swift */ = {isa = PBXFileReference; lastKnownFileType = sourcecode.swift; path = Endpoints.swift; sourceTree = "<group>"; };
		363D66852BA74D9500B46B5F /* HTTPResponseCodes.swift */ = {isa = PBXFileReference; lastKnownFileType = sourcecode.swift; path = HTTPResponseCodes.swift; sourceTree = "<group>"; };
		363D66872BA74E1800B46B5F /* HTTPMethods.swift */ = {isa = PBXFileReference; lastKnownFileType = sourcecode.swift; path = HTTPMethods.swift; sourceTree = "<group>"; };
		363D66892BA74ED500B46B5F /* HerosRepository.swift */ = {isa = PBXFileReference; lastKnownFileType = sourcecode.swift; path = HerosRepository.swift; sourceTree = "<group>"; };
		363D66902BA7531C00B46B5F /* LogingRepository.swift */ = {isa = PBXFileReference; lastKnownFileType = sourcecode.swift; path = LogingRepository.swift; sourceTree = "<group>"; };
		363D66922BA757A000B46B5F /* LoginUseCase.swift */ = {isa = PBXFileReference; lastKnownFileType = sourcecode.swift; path = LoginUseCase.swift; sourceTree = "<group>"; };
		363D66942BA75BE600B46B5F /* LogingViewController.swift */ = {isa = PBXFileReference; lastKnownFileType = sourcecode.swift; path = LogingViewController.swift; sourceTree = "<group>"; };
		363D66952BA75BE600B46B5F /* LogingViewController.xib */ = {isa = PBXFileReference; lastKnownFileType = file.xib; path = LogingViewController.xib; sourceTree = "<group>"; };
		363D66982BA75F3D00B46B5F /* AppState.swift */ = {isa = PBXFileReference; lastKnownFileType = sourcecode.swift; path = AppState.swift; sourceTree = "<group>"; };
		363D669D2BA76AC200B46B5F /* HerosUseCase.swift */ = {isa = PBXFileReference; lastKnownFileType = sourcecode.swift; path = HerosUseCase.swift; sourceTree = "<group>"; };
		363D66A12BA76C1700B46B5F /* HerosVieeModel.swift */ = {isa = PBXFileReference; lastKnownFileType = sourcecode.swift; path = HerosVieeModel.swift; sourceTree = "<group>"; };
		363D66A32BA76D1400B46B5F /* HerosTableViewController.swift */ = {isa = PBXFileReference; lastKnownFileType = sourcecode.swift; path = HerosTableViewController.swift; sourceTree = "<group>"; };
		363D66A42BA76D1400B46B5F /* HerosTableViewController.xib */ = {isa = PBXFileReference; lastKnownFileType = file.xib; path = HerosTableViewController.xib; sourceTree = "<group>"; };
		363D66A82BA76EF100B46B5F /* HerosTableViewCell.swift */ = {isa = PBXFileReference; lastKnownFileType = sourcecode.swift; path = HerosTableViewCell.swift; sourceTree = "<group>"; };
		363D66A92BA76EF100B46B5F /* HerosTableViewCell.xib */ = {isa = PBXFileReference; lastKnownFileType = file.xib; path = HerosTableViewCell.xib; sourceTree = "<group>"; };
		363D66AC2BA76FF700B46B5F /* UIImage+Extensions.swift */ = {isa = PBXFileReference; lastKnownFileType = sourcecode.swift; path = "UIImage+Extensions.swift"; sourceTree = "<group>"; };
		363D66AF2BAA22C500B46B5F /* Transformacione.swift */ = {isa = PBXFileReference; lastKnownFileType = sourcecode.swift; path = Transformacione.swift; sourceTree = "<group>"; };
		363D66B12BAA232600B46B5F /* TransformationsUseCase.swift */ = {isa = PBXFileReference; lastKnownFileType = sourcecode.swift; path = TransformationsUseCase.swift; sourceTree = "<group>"; };
		363D66B32BAA234100B46B5F /* TransformationsRepositoryProtocol.swift */ = {isa = PBXFileReference; lastKnownFileType = sourcecode.swift; path = TransformationsRepositoryProtocol.swift; sourceTree = "<group>"; };
		363D66B52BAA235100B46B5F /* TransformationsRepository.swift */ = {isa = PBXFileReference; lastKnownFileType = sourcecode.swift; path = TransformationsRepository.swift; sourceTree = "<group>"; };
		363D66B72BAA237300B46B5F /* NetworkTransformations.swift */ = {isa = PBXFileReference; lastKnownFileType = sourcecode.swift; path = NetworkTransformations.swift; sourceTree = "<group>"; };
		363D66B92BAA2D8B00B46B5F /* TransformationsViewModel.swift */ = {isa = PBXFileReference; lastKnownFileType = sourcecode.swift; path = TransformationsViewModel.swift; sourceTree = "<group>"; };
		363D66C12BAA369000B46B5F /* DetailViewController.swift */ = {isa = PBXFileReference; lastKnownFileType = sourcecode.swift; path = DetailViewController.swift; sourceTree = "<group>"; };
		363D66C22BAA369000B46B5F /* Detail.xib */ = {isa = PBXFileReference; lastKnownFileType = file.xib; path = Detail.xib; sourceTree = "<group>"; };
		363D66C52BAA3A3800B46B5F /* HeroDetailUseCase.swift */ = {isa = PBXFileReference; lastKnownFileType = sourcecode.swift; path = HeroDetailUseCase.swift; sourceTree = "<group>"; };
/* End PBXFileReference section */

/* Begin PBXFrameworksBuildPhase section */
		363D66312BA7479700B46B5F /* Frameworks */ = {
			isa = PBXFrameworksBuildPhase;
			buildActionMask = 2147483647;
			files = (
				363D669C2BA7633200B46B5F /* CombineCocoa in Frameworks */,
				363D668F2BA750C700B46B5F /* KcLibraryswift in Frameworks */,
			);
			runOnlyForDeploymentPostprocessing = 0;
		};
		363D66472BA7479900B46B5F /* Frameworks */ = {
			isa = PBXFrameworksBuildPhase;
			buildActionMask = 2147483647;
			files = (
			);
			runOnlyForDeploymentPostprocessing = 0;
		};
		363D66512BA7479900B46B5F /* Frameworks */ = {
			isa = PBXFrameworksBuildPhase;
			buildActionMask = 2147483647;
			files = (
			);
			runOnlyForDeploymentPostprocessing = 0;
		};
/* End PBXFrameworksBuildPhase section */

/* Begin PBXGroup section */
		363D662B2BA7479700B46B5F = {
			isa = PBXGroup;
			children = (
				363D66362BA7479700B46B5F /* DragonBallRocio */,
				363D664D2BA7479900B46B5F /* DragonBallRocioTests */,
				363D66572BA7479900B46B5F /* DragonBallRocioUITests */,
				363D66352BA7479700B46B5F /* Products */,
			);
			sourceTree = "<group>";
		};
		363D66352BA7479700B46B5F /* Products */ = {
			isa = PBXGroup;
			children = (
				363D66342BA7479700B46B5F /* DragonBallRocio.app */,
				363D664A2BA7479900B46B5F /* DragonBallRocioTests.xctest */,
				363D66542BA7479900B46B5F /* DragonBallRocioUITests.xctest */,
			);
			name = Products;
			sourceTree = "<group>";
		};
		363D66362BA7479700B46B5F /* DragonBallRocio */ = {
			isa = PBXGroup;
			children = (
				363D66692BA7488200B46B5F /* Presentations */,
				363D66682BA7487900B46B5F /* Domain */,
				363D66672BA7487300B46B5F /* Data */,
				363D66372BA7479700B46B5F /* AppDelegate.swift */,
				363D66392BA7479700B46B5F /* SceneDelegate.swift */,
				363D66402BA7479900B46B5F /* Assets.xcassets */,
				363D66422BA7479900B46B5F /* LaunchScreen.storyboard */,
				363D66452BA7479900B46B5F /* Info.plist */,
			);
			path = DragonBallRocio;
			sourceTree = "<group>";
		};
		363D664D2BA7479900B46B5F /* DragonBallRocioTests */ = {
			isa = PBXGroup;
			children = (
				363D664E2BA7479900B46B5F /* DragonBallRocioTests.swift */,
			);
			path = DragonBallRocioTests;
			sourceTree = "<group>";
		};
		363D66572BA7479900B46B5F /* DragonBallRocioUITests */ = {
			isa = PBXGroup;
			children = (
				363D66582BA7479900B46B5F /* DragonBallRocioUITests.swift */,
				363D665A2BA7479900B46B5F /* DragonBallRocioUITestsLaunchTests.swift */,
			);
			path = DragonBallRocioUITests;
			sourceTree = "<group>";
		};
		363D66672BA7487300B46B5F /* Data */ = {
			isa = PBXGroup;
			children = (
				363D666C2BA748D100B46B5F /* Repositories */,
				363D666B2BA748C900B46B5F /* Network */,
				363D666A2BA7489800B46B5F /* Local */,
			);
			path = Data;
			sourceTree = "<group>";
		};
		363D66682BA7487900B46B5F /* Domain */ = {
			isa = PBXGroup;
			children = (
				363D66712BA7490600B46B5F /* Tools */,
				363D66702BA748FD00B46B5F /* Extensions */,
				363D666F2BA748F300B46B5F /* Entities */,
				363D666E2BA748E800B46B5F /* UseCases */,
				363D666D2BA748E100B46B5F /* Protocols */,
			);
			path = Domain;
			sourceTree = "<group>";
		};
		363D66692BA7488200B46B5F /* Presentations */ = {
			isa = PBXGroup;
			children = (
				363D66732BA7494000B46B5F /* ViewModels */,
				363D66722BA7493300B46B5F /* Views */,
			);
			path = Presentations;
			sourceTree = "<group>";
		};
		363D666A2BA7489800B46B5F /* Local */ = {
			isa = PBXGroup;
			children = (
			);
			path = Local;
			sourceTree = "<group>";
		};
		363D666B2BA748C900B46B5F /* Network */ = {
			isa = PBXGroup;
			children = (
				363D66742BA74A2900B46B5F /* BaseNetwork */,
				363D66752BA74A3E00B46B5F /* NetworkLogin.swift */,
				363D66772BA74A4B00B46B5F /* NetworkHeros.swift */,
				363D66B72BAA237300B46B5F /* NetworkTransformations.swift */,
			);
			path = Network;
			sourceTree = "<group>";
		};
		363D666C2BA748D100B46B5F /* Repositories */ = {
			isa = PBXGroup;
			children = (
				363D66892BA74ED500B46B5F /* HerosRepository.swift */,
				363D66902BA7531C00B46B5F /* LogingRepository.swift */,
				363D66B52BAA235100B46B5F /* TransformationsRepository.swift */,
			);
			path = Repositories;
			sourceTree = "<group>";
		};
		363D666D2BA748E100B46B5F /* Protocols */ = {
			isa = PBXGroup;
			children = (
				363D667C2BA74BC500B46B5F /* LoginRepositoryProtocol.swift */,
				363D667E2BA74C1900B46B5F /* HerosRepositoryProtocol.swift */,
				363D66B32BAA234100B46B5F /* TransformationsRepositoryProtocol.swift */,
			);
			path = Protocols;
			sourceTree = "<group>";
		};
		363D666E2BA748E800B46B5F /* UseCases */ = {
			isa = PBXGroup;
			children = (
				363D66922BA757A000B46B5F /* LoginUseCase.swift */,
				363D669D2BA76AC200B46B5F /* HerosUseCase.swift */,
				363D66B12BAA232600B46B5F /* TransformationsUseCase.swift */,
				363D66C52BAA3A3800B46B5F /* HeroDetailUseCase.swift */,
			);
			path = UseCases;
			sourceTree = "<group>";
		};
		363D666F2BA748F300B46B5F /* Entities */ = {
			isa = PBXGroup;
			children = (
				363D667A2BA74B4E00B46B5F /* HerosModel.swift */,
				363D66AF2BAA22C500B46B5F /* Transformacione.swift */,
			);
			path = Entities;
			sourceTree = "<group>";
		};
		363D66702BA748FD00B46B5F /* Extensions */ = {
			isa = PBXGroup;
			children = (
				363D66AC2BA76FF700B46B5F /* UIImage+Extensions.swift */,
			);
			path = Extensions;
			sourceTree = "<group>";
		};
		363D66712BA7490600B46B5F /* Tools */ = {
			isa = PBXGroup;
			children = (
				363D66802BA74C6500B46B5F /* ConstantApp.swift */,
			);
			path = Tools;
			sourceTree = "<group>";
		};
		363D66722BA7493300B46B5F /* Views */ = {
			isa = PBXGroup;
			children = (
				363D66BB2BAA363800B46B5F /* Detail */,
				363D66A02BA76C0300B46B5F /* Heroes */,
				363D669F2BA76BF300B46B5F /* Login */,
			);
			path = Views;
			sourceTree = "<group>";
		};
		363D66732BA7494000B46B5F /* ViewModels */ = {
			isa = PBXGroup;
			children = (
				363D66982BA75F3D00B46B5F /* AppState.swift */,
				363D66A12BA76C1700B46B5F /* HerosVieeModel.swift */,
				363D66B92BAA2D8B00B46B5F /* TransformationsViewModel.swift */,
			);
			path = ViewModels;
			sourceTree = "<group>";
		};
		363D66742BA74A2900B46B5F /* BaseNetwork */ = {
			isa = PBXGroup;
			children = (
				363D66822BA74CB800B46B5F /* Endpoints.swift */,
				363D66852BA74D9500B46B5F /* HTTPResponseCodes.swift */,
				363D66872BA74E1800B46B5F /* HTTPMethods.swift */,
			);
			path = BaseNetwork;
			sourceTree = "<group>";
		};
		363D669F2BA76BF300B46B5F /* Login */ = {
			isa = PBXGroup;
			children = (
				363D66942BA75BE600B46B5F /* LogingViewController.swift */,
				363D66952BA75BE600B46B5F /* LogingViewController.xib */,
			);
			path = Login;
			sourceTree = "<group>";
		};
		363D66A02BA76C0300B46B5F /* Heroes */ = {
			isa = PBXGroup;
			children = (
				363D66A72BA76ED900B46B5F /* Cell */,
				363D66A32BA76D1400B46B5F /* HerosTableViewController.swift */,
				363D66A42BA76D1400B46B5F /* HerosTableViewController.xib */,
			);
			path = Heroes;
			sourceTree = "<group>";
		};
		363D66A72BA76ED900B46B5F /* Cell */ = {
			isa = PBXGroup;
			children = (
				363D66A82BA76EF100B46B5F /* HerosTableViewCell.swift */,
				363D66A92BA76EF100B46B5F /* HerosTableViewCell.xib */,
			);
			path = Cell;
			sourceTree = "<group>";
		};
		363D66BB2BAA363800B46B5F /* Detail */ = {
			isa = PBXGroup;
			children = (
				363D66C12BAA369000B46B5F /* DetailViewController.swift */,
				363D66C22BAA369000B46B5F /* Detail.xib */,
			);
			path = Detail;
			sourceTree = "<group>";
		};
/* End PBXGroup section */

/* Begin PBXNativeTarget section */
		363D66332BA7479700B46B5F /* DragonBallRocio */ = {
			isa = PBXNativeTarget;
			buildConfigurationList = 363D665E2BA7479900B46B5F /* Build configuration list for PBXNativeTarget "DragonBallRocio" */;
			buildPhases = (
				363D66302BA7479700B46B5F /* Sources */,
				363D66312BA7479700B46B5F /* Frameworks */,
				363D66322BA7479700B46B5F /* Resources */,
			);
			buildRules = (
			);
			dependencies = (
			);
			name = DragonBallRocio;
			packageProductDependencies = (
				363D668E2BA750C700B46B5F /* KcLibraryswift */,
				363D669B2BA7633200B46B5F /* CombineCocoa */,
			);
			productName = DragonBallRocio;
			productReference = 363D66342BA7479700B46B5F /* DragonBallRocio.app */;
			productType = "com.apple.product-type.application";
		};
		363D66492BA7479900B46B5F /* DragonBallRocioTests */ = {
			isa = PBXNativeTarget;
			buildConfigurationList = 363D66612BA7479900B46B5F /* Build configuration list for PBXNativeTarget "DragonBallRocioTests" */;
			buildPhases = (
				363D66462BA7479900B46B5F /* Sources */,
				363D66472BA7479900B46B5F /* Frameworks */,
				363D66482BA7479900B46B5F /* Resources */,
			);
			buildRules = (
			);
			dependencies = (
				363D664C2BA7479900B46B5F /* PBXTargetDependency */,
			);
			name = DragonBallRocioTests;
			productName = DragonBallRocioTests;
			productReference = 363D664A2BA7479900B46B5F /* DragonBallRocioTests.xctest */;
			productType = "com.apple.product-type.bundle.unit-test";
		};
		363D66532BA7479900B46B5F /* DragonBallRocioUITests */ = {
			isa = PBXNativeTarget;
			buildConfigurationList = 363D66642BA7479900B46B5F /* Build configuration list for PBXNativeTarget "DragonBallRocioUITests" */;
			buildPhases = (
				363D66502BA7479900B46B5F /* Sources */,
				363D66512BA7479900B46B5F /* Frameworks */,
				363D66522BA7479900B46B5F /* Resources */,
			);
			buildRules = (
			);
			dependencies = (
				363D66562BA7479900B46B5F /* PBXTargetDependency */,
			);
			name = DragonBallRocioUITests;
			productName = DragonBallRocioUITests;
			productReference = 363D66542BA7479900B46B5F /* DragonBallRocioUITests.xctest */;
			productType = "com.apple.product-type.bundle.ui-testing";
		};
/* End PBXNativeTarget section */

/* Begin PBXProject section */
		363D662C2BA7479700B46B5F /* Project object */ = {
			isa = PBXProject;
			attributes = {
				BuildIndependentTargetsInParallel = 1;
				LastSwiftUpdateCheck = 1530;
				LastUpgradeCheck = 1530;
				TargetAttributes = {
					363D66332BA7479700B46B5F = {
						CreatedOnToolsVersion = 15.3;
					};
					363D66492BA7479900B46B5F = {
						CreatedOnToolsVersion = 15.3;
						TestTargetID = 363D66332BA7479700B46B5F;
					};
					363D66532BA7479900B46B5F = {
						CreatedOnToolsVersion = 15.3;
						TestTargetID = 363D66332BA7479700B46B5F;
					};
				};
			};
			buildConfigurationList = 363D662F2BA7479700B46B5F /* Build configuration list for PBXProject "DragonBallRocio" */;
			compatibilityVersion = "Xcode 14.0";
			developmentRegion = en;
			hasScannedForEncodings = 0;
			knownRegions = (
				en,
				Base,
			);
			mainGroup = 363D662B2BA7479700B46B5F;
			packageReferences = (
				363D668D2BA750C700B46B5F /* XCRemoteSwiftPackageReference "KcLibraryswift" */,
				363D669A2BA7633200B46B5F /* XCRemoteSwiftPackageReference "CombineCocoa" */,
			);
			productRefGroup = 363D66352BA7479700B46B5F /* Products */;
			projectDirPath = "";
			projectRoot = "";
			targets = (
				363D66332BA7479700B46B5F /* DragonBallRocio */,
				363D66492BA7479900B46B5F /* DragonBallRocioTests */,
				363D66532BA7479900B46B5F /* DragonBallRocioUITests */,
			);
		};
/* End PBXProject section */

/* Begin PBXResourcesBuildPhase section */
		363D66322BA7479700B46B5F /* Resources */ = {
			isa = PBXResourcesBuildPhase;
			buildActionMask = 2147483647;
			files = (
				363D66AA2BA76EF100B46B5F /* HerosTableViewCell.xib in Resources */,
				363D66412BA7479900B46B5F /* Assets.xcassets in Resources */,
				363D66A52BA76D1400B46B5F /* HerosTableViewController.xib in Resources */,
				363D66962BA75BE600B46B5F /* LogingViewController.xib in Resources */,
				363D66C32BAA369000B46B5F /* Detail.xib in Resources */,
				363D66442BA7479900B46B5F /* Base in Resources */,
			);
			runOnlyForDeploymentPostprocessing = 0;
		};
		363D66482BA7479900B46B5F /* Resources */ = {
			isa = PBXResourcesBuildPhase;
			buildActionMask = 2147483647;
			files = (
			);
			runOnlyForDeploymentPostprocessing = 0;
		};
		363D66522BA7479900B46B5F /* Resources */ = {
			isa = PBXResourcesBuildPhase;
			buildActionMask = 2147483647;
			files = (
			);
			runOnlyForDeploymentPostprocessing = 0;
		};
/* End PBXResourcesBuildPhase section */

/* Begin PBXSourcesBuildPhase section */
		363D66302BA7479700B46B5F /* Sources */ = {
			isa = PBXSourcesBuildPhase;
			buildActionMask = 2147483647;
			files = (
				363D66A22BA76C1700B46B5F /* HerosVieeModel.swift in Sources */,
				363D66912BA7531C00B46B5F /* LogingRepository.swift in Sources */,
				363D66782BA74A4B00B46B5F /* NetworkHeros.swift in Sources */,
				363D66AD2BA76FF700B46B5F /* UIImage+Extensions.swift in Sources */,
				363D66762BA74A3E00B46B5F /* NetworkLogin.swift in Sources */,
				363D66382BA7479700B46B5F /* AppDelegate.swift in Sources */,
				363D66B42BAA234100B46B5F /* TransformationsRepositoryProtocol.swift in Sources */,
				363D66C42BAA369000B46B5F /* DetailViewController.swift in Sources */,
				363D667D2BA74BC500B46B5F /* LoginRepositoryProtocol.swift in Sources */,
				363D66C62BAA3A3800B46B5F /* HeroDetailUseCase.swift in Sources */,
				363D66A62BA76D1400B46B5F /* HerosTableViewController.swift in Sources */,
				363D66B62BAA235100B46B5F /* TransformationsRepository.swift in Sources */,
				363D667B2BA74B4E00B46B5F /* HerosModel.swift in Sources */,
				363D66B22BAA232600B46B5F /* TransformationsUseCase.swift in Sources */,
				363D66BA2BAA2D8B00B46B5F /* TransformationsViewModel.swift in Sources */,
				363D668A2BA74ED500B46B5F /* HerosRepository.swift in Sources */,
				363D663A2BA7479700B46B5F /* SceneDelegate.swift in Sources */,
				363D667F2BA74C1900B46B5F /* HerosRepositoryProtocol.swift in Sources */,
				363D66862BA74D9500B46B5F /* HTTPResponseCodes.swift in Sources */,
				363D66832BA74CB800B46B5F /* Endpoints.swift in Sources */,
				363D66B82BAA237300B46B5F /* NetworkTransformations.swift in Sources */,
				363D66992BA75F3D00B46B5F /* AppState.swift in Sources */,
				363D66932BA757A000B46B5F /* LoginUseCase.swift in Sources */,
				363D66812BA74C6500B46B5F /* ConstantApp.swift in Sources */,
				363D66882BA74E1800B46B5F /* HTTPMethods.swift in Sources */,
				363D669E2BA76AC200B46B5F /* HerosUseCase.swift in Sources */,
				363D66972BA75BE600B46B5F /* LogingViewController.swift in Sources */,
				363D66AB2BA76EF100B46B5F /* HerosTableViewCell.swift in Sources */,
				363D66B02BAA22C500B46B5F /* Transformacione.swift in Sources */,
			);
			runOnlyForDeploymentPostprocessing = 0;
		};
		363D66462BA7479900B46B5F /* Sources */ = {
			isa = PBXSourcesBuildPhase;
			buildActionMask = 2147483647;
			files = (
				363D664F2BA7479900B46B5F /* DragonBallRocioTests.swift in Sources */,
			);
			runOnlyForDeploymentPostprocessing = 0;
		};
		363D66502BA7479900B46B5F /* Sources */ = {
			isa = PBXSourcesBuildPhase;
			buildActionMask = 2147483647;
			files = (
				363D66592BA7479900B46B5F /* DragonBallRocioUITests.swift in Sources */,
				363D665B2BA7479900B46B5F /* DragonBallRocioUITestsLaunchTests.swift in Sources */,
			);
			runOnlyForDeploymentPostprocessing = 0;
		};
/* End PBXSourcesBuildPhase section */

/* Begin PBXTargetDependency section */
		363D664C2BA7479900B46B5F /* PBXTargetDependency */ = {
			isa = PBXTargetDependency;
			target = 363D66332BA7479700B46B5F /* DragonBallRocio */;
			targetProxy = 363D664B2BA7479900B46B5F /* PBXContainerItemProxy */;
		};
		363D66562BA7479900B46B5F /* PBXTargetDependency */ = {
			isa = PBXTargetDependency;
			target = 363D66332BA7479700B46B5F /* DragonBallRocio */;
			targetProxy = 363D66552BA7479900B46B5F /* PBXContainerItemProxy */;
		};
/* End PBXTargetDependency section */

/* Begin PBXVariantGroup section */
		363D66422BA7479900B46B5F /* LaunchScreen.storyboard */ = {
			isa = PBXVariantGroup;
			children = (
				363D66432BA7479900B46B5F /* Base */,
			);
			name = LaunchScreen.storyboard;
			sourceTree = "<group>";
		};
/* End PBXVariantGroup section */

/* Begin XCBuildConfiguration section */
		363D665C2BA7479900B46B5F /* Debug */ = {
			isa = XCBuildConfiguration;
			buildSettings = {
				ALWAYS_SEARCH_USER_PATHS = NO;
				ASSETCATALOG_COMPILER_GENERATE_SWIFT_ASSET_SYMBOL_EXTENSIONS = YES;
				CLANG_ANALYZER_NONNULL = YES;
				CLANG_ANALYZER_NUMBER_OBJECT_CONVERSION = YES_AGGRESSIVE;
				CLANG_CXX_LANGUAGE_STANDARD = "gnu++20";
				CLANG_ENABLE_MODULES = YES;
				CLANG_ENABLE_OBJC_ARC = YES;
				CLANG_ENABLE_OBJC_WEAK = YES;
				CLANG_WARN_BLOCK_CAPTURE_AUTORELEASING = YES;
				CLANG_WARN_BOOL_CONVERSION = YES;
				CLANG_WARN_COMMA = YES;
				CLANG_WARN_CONSTANT_CONVERSION = YES;
				CLANG_WARN_DEPRECATED_OBJC_IMPLEMENTATIONS = YES;
				CLANG_WARN_DIRECT_OBJC_ISA_USAGE = YES_ERROR;
				CLANG_WARN_DOCUMENTATION_COMMENTS = YES;
				CLANG_WARN_EMPTY_BODY = YES;
				CLANG_WARN_ENUM_CONVERSION = YES;
				CLANG_WARN_INFINITE_RECURSION = YES;
				CLANG_WARN_INT_CONVERSION = YES;
				CLANG_WARN_NON_LITERAL_NULL_CONVERSION = YES;
				CLANG_WARN_OBJC_IMPLICIT_RETAIN_SELF = YES;
				CLANG_WARN_OBJC_LITERAL_CONVERSION = YES;
				CLANG_WARN_OBJC_ROOT_CLASS = YES_ERROR;
				CLANG_WARN_QUOTED_INCLUDE_IN_FRAMEWORK_HEADER = YES;
				CLANG_WARN_RANGE_LOOP_ANALYSIS = YES;
				CLANG_WARN_STRICT_PROTOTYPES = YES;
				CLANG_WARN_SUSPICIOUS_MOVE = YES;
				CLANG_WARN_UNGUARDED_AVAILABILITY = YES_AGGRESSIVE;
				CLANG_WARN_UNREACHABLE_CODE = YES;
				CLANG_WARN__DUPLICATE_METHOD_MATCH = YES;
				COPY_PHASE_STRIP = NO;
				DEBUG_INFORMATION_FORMAT = dwarf;
				ENABLE_STRICT_OBJC_MSGSEND = YES;
				ENABLE_TESTABILITY = YES;
				ENABLE_USER_SCRIPT_SANDBOXING = YES;
				GCC_C_LANGUAGE_STANDARD = gnu17;
				GCC_DYNAMIC_NO_PIC = NO;
				GCC_NO_COMMON_BLOCKS = YES;
				GCC_OPTIMIZATION_LEVEL = 0;
				GCC_PREPROCESSOR_DEFINITIONS = (
					"DEBUG=1",
					"$(inherited)",
				);
				GCC_WARN_64_TO_32_BIT_CONVERSION = YES;
				GCC_WARN_ABOUT_RETURN_TYPE = YES_ERROR;
				GCC_WARN_UNDECLARED_SELECTOR = YES;
				GCC_WARN_UNINITIALIZED_AUTOS = YES_AGGRESSIVE;
				GCC_WARN_UNUSED_FUNCTION = YES;
				GCC_WARN_UNUSED_VARIABLE = YES;
				IPHONEOS_DEPLOYMENT_TARGET = 17.4;
				LOCALIZATION_PREFERS_STRING_CATALOGS = YES;
				MTL_ENABLE_DEBUG_INFO = INCLUDE_SOURCE;
				MTL_FAST_MATH = YES;
				ONLY_ACTIVE_ARCH = YES;
				SDKROOT = iphoneos;
				SWIFT_ACTIVE_COMPILATION_CONDITIONS = "DEBUG $(inherited)";
				SWIFT_OPTIMIZATION_LEVEL = "-Onone";
			};
			name = Debug;
		};
		363D665D2BA7479900B46B5F /* Release */ = {
			isa = XCBuildConfiguration;
			buildSettings = {
				ALWAYS_SEARCH_USER_PATHS = NO;
				ASSETCATALOG_COMPILER_GENERATE_SWIFT_ASSET_SYMBOL_EXTENSIONS = YES;
				CLANG_ANALYZER_NONNULL = YES;
				CLANG_ANALYZER_NUMBER_OBJECT_CONVERSION = YES_AGGRESSIVE;
				CLANG_CXX_LANGUAGE_STANDARD = "gnu++20";
				CLANG_ENABLE_MODULES = YES;
				CLANG_ENABLE_OBJC_ARC = YES;
				CLANG_ENABLE_OBJC_WEAK = YES;
				CLANG_WARN_BLOCK_CAPTURE_AUTORELEASING = YES;
				CLANG_WARN_BOOL_CONVERSION = YES;
				CLANG_WARN_COMMA = YES;
				CLANG_WARN_CONSTANT_CONVERSION = YES;
				CLANG_WARN_DEPRECATED_OBJC_IMPLEMENTATIONS = YES;
				CLANG_WARN_DIRECT_OBJC_ISA_USAGE = YES_ERROR;
				CLANG_WARN_DOCUMENTATION_COMMENTS = YES;
				CLANG_WARN_EMPTY_BODY = YES;
				CLANG_WARN_ENUM_CONVERSION = YES;
				CLANG_WARN_INFINITE_RECURSION = YES;
				CLANG_WARN_INT_CONVERSION = YES;
				CLANG_WARN_NON_LITERAL_NULL_CONVERSION = YES;
				CLANG_WARN_OBJC_IMPLICIT_RETAIN_SELF = YES;
				CLANG_WARN_OBJC_LITERAL_CONVERSION = YES;
				CLANG_WARN_OBJC_ROOT_CLASS = YES_ERROR;
				CLANG_WARN_QUOTED_INCLUDE_IN_FRAMEWORK_HEADER = YES;
				CLANG_WARN_RANGE_LOOP_ANALYSIS = YES;
				CLANG_WARN_STRICT_PROTOTYPES = YES;
				CLANG_WARN_SUSPICIOUS_MOVE = YES;
				CLANG_WARN_UNGUARDED_AVAILABILITY = YES_AGGRESSIVE;
				CLANG_WARN_UNREACHABLE_CODE = YES;
				CLANG_WARN__DUPLICATE_METHOD_MATCH = YES;
				COPY_PHASE_STRIP = NO;
				DEBUG_INFORMATION_FORMAT = "dwarf-with-dsym";
				ENABLE_NS_ASSERTIONS = NO;
				ENABLE_STRICT_OBJC_MSGSEND = YES;
				ENABLE_USER_SCRIPT_SANDBOXING = YES;
				GCC_C_LANGUAGE_STANDARD = gnu17;
				GCC_NO_COMMON_BLOCKS = YES;
				GCC_WARN_64_TO_32_BIT_CONVERSION = YES;
				GCC_WARN_ABOUT_RETURN_TYPE = YES_ERROR;
				GCC_WARN_UNDECLARED_SELECTOR = YES;
				GCC_WARN_UNINITIALIZED_AUTOS = YES_AGGRESSIVE;
				GCC_WARN_UNUSED_FUNCTION = YES;
				GCC_WARN_UNUSED_VARIABLE = YES;
				IPHONEOS_DEPLOYMENT_TARGET = 17.4;
				LOCALIZATION_PREFERS_STRING_CATALOGS = YES;
				MTL_ENABLE_DEBUG_INFO = NO;
				MTL_FAST_MATH = YES;
				SDKROOT = iphoneos;
				SWIFT_COMPILATION_MODE = wholemodule;
				VALIDATE_PRODUCT = YES;
			};
			name = Release;
		};
		363D665F2BA7479900B46B5F /* Debug */ = {
			isa = XCBuildConfiguration;
			buildSettings = {
				ASSETCATALOG_COMPILER_APPICON_NAME = AppIcon;
				ASSETCATALOG_COMPILER_GLOBAL_ACCENT_COLOR_NAME = AccentColor;
				CODE_SIGN_STYLE = Automatic;
				CURRENT_PROJECT_VERSION = 1;
				DEVELOPMENT_TEAM = HS49USZ4GG;
				GENERATE_INFOPLIST_FILE = YES;
				INFOPLIST_FILE = DragonBallRocio/Info.plist;
				INFOPLIST_KEY_UIApplicationSupportsIndirectInputEvents = YES;
				INFOPLIST_KEY_UILaunchStoryboardName = LaunchScreen;
				INFOPLIST_KEY_UISupportedInterfaceOrientations_iPad = "UIInterfaceOrientationPortrait UIInterfaceOrientationPortraitUpsideDown UIInterfaceOrientationLandscapeLeft UIInterfaceOrientationLandscapeRight";
				INFOPLIST_KEY_UISupportedInterfaceOrientations_iPhone = "UIInterfaceOrientationPortrait UIInterfaceOrientationLandscapeLeft UIInterfaceOrientationLandscapeRight";
				LD_RUNPATH_SEARCH_PATHS = (
					"$(inherited)",
					"@executable_path/Frameworks",
				);
				MARKETING_VERSION = 1.0;
				PRODUCT_BUNDLE_IDENTIFIER = io.keepcoding.DragonBallRocio;
				PRODUCT_NAME = "$(TARGET_NAME)";
				SWIFT_EMIT_LOC_STRINGS = YES;
				SWIFT_VERSION = 5.0;
				TARGETED_DEVICE_FAMILY = "1,2";
			};
			name = Debug;
		};
		363D66602BA7479900B46B5F /* Release */ = {
			isa = XCBuildConfiguration;
			buildSettings = {
				ASSETCATALOG_COMPILER_APPICON_NAME = AppIcon;
				ASSETCATALOG_COMPILER_GLOBAL_ACCENT_COLOR_NAME = AccentColor;
				CODE_SIGN_STYLE = Automatic;
				CURRENT_PROJECT_VERSION = 1;
				DEVELOPMENT_TEAM = HS49USZ4GG;
				GENERATE_INFOPLIST_FILE = YES;
				INFOPLIST_FILE = DragonBallRocio/Info.plist;
				INFOPLIST_KEY_UIApplicationSupportsIndirectInputEvents = YES;
				INFOPLIST_KEY_UILaunchStoryboardName = LaunchScreen;
				INFOPLIST_KEY_UISupportedInterfaceOrientations_iPad = "UIInterfaceOrientationPortrait UIInterfaceOrientationPortraitUpsideDown UIInterfaceOrientationLandscapeLeft UIInterfaceOrientationLandscapeRight";
				INFOPLIST_KEY_UISupportedInterfaceOrientations_iPhone = "UIInterfaceOrientationPortrait UIInterfaceOrientationLandscapeLeft UIInterfaceOrientationLandscapeRight";
				LD_RUNPATH_SEARCH_PATHS = (
					"$(inherited)",
					"@executable_path/Frameworks",
				);
				MARKETING_VERSION = 1.0;
				PRODUCT_BUNDLE_IDENTIFIER = io.keepcoding.DragonBallRocio;
				PRODUCT_NAME = "$(TARGET_NAME)";
				SWIFT_EMIT_LOC_STRINGS = YES;
				SWIFT_VERSION = 5.0;
				TARGETED_DEVICE_FAMILY = "1,2";
			};
			name = Release;
		};
		363D66622BA7479900B46B5F /* Debug */ = {
			isa = XCBuildConfiguration;
			buildSettings = {
				ALWAYS_EMBED_SWIFT_STANDARD_LIBRARIES = YES;
				BUNDLE_LOADER = "$(TEST_HOST)";
				CODE_SIGN_STYLE = Automatic;
				CURRENT_PROJECT_VERSION = 1;
				DEVELOPMENT_TEAM = HS49USZ4GG;
				GENERATE_INFOPLIST_FILE = YES;
				IPHONEOS_DEPLOYMENT_TARGET = 17.4;
				MARKETING_VERSION = 1.0;
				PRODUCT_BUNDLE_IDENTIFIER = io.keepcoding.DragonBallRocioTests;
				PRODUCT_NAME = "$(TARGET_NAME)";
				SWIFT_EMIT_LOC_STRINGS = NO;
				SWIFT_VERSION = 5.0;
				TARGETED_DEVICE_FAMILY = "1,2";
				TEST_HOST = "$(BUILT_PRODUCTS_DIR)/DragonBallRocio.app/$(BUNDLE_EXECUTABLE_FOLDER_PATH)/DragonBallRocio";
			};
			name = Debug;
		};
		363D66632BA7479900B46B5F /* Release */ = {
			isa = XCBuildConfiguration;
			buildSettings = {
				ALWAYS_EMBED_SWIFT_STANDARD_LIBRARIES = YES;
				BUNDLE_LOADER = "$(TEST_HOST)";
				CODE_SIGN_STYLE = Automatic;
				CURRENT_PROJECT_VERSION = 1;
				DEVELOPMENT_TEAM = HS49USZ4GG;
				GENERATE_INFOPLIST_FILE = YES;
				IPHONEOS_DEPLOYMENT_TARGET = 17.4;
				MARKETING_VERSION = 1.0;
				PRODUCT_BUNDLE_IDENTIFIER = io.keepcoding.DragonBallRocioTests;
				PRODUCT_NAME = "$(TARGET_NAME)";
				SWIFT_EMIT_LOC_STRINGS = NO;
				SWIFT_VERSION = 5.0;
				TARGETED_DEVICE_FAMILY = "1,2";
				TEST_HOST = "$(BUILT_PRODUCTS_DIR)/DragonBallRocio.app/$(BUNDLE_EXECUTABLE_FOLDER_PATH)/DragonBallRocio";
			};
			name = Release;
		};
		363D66652BA7479900B46B5F /* Debug */ = {
			isa = XCBuildConfiguration;
			buildSettings = {
				ALWAYS_EMBED_SWIFT_STANDARD_LIBRARIES = YES;
				CODE_SIGN_STYLE = Automatic;
				CURRENT_PROJECT_VERSION = 1;
				DEVELOPMENT_TEAM = HS49USZ4GG;
				GENERATE_INFOPLIST_FILE = YES;
				MARKETING_VERSION = 1.0;
				PRODUCT_BUNDLE_IDENTIFIER = io.keepcoding.DragonBallRocioUITests;
				PRODUCT_NAME = "$(TARGET_NAME)";
				SWIFT_EMIT_LOC_STRINGS = NO;
				SWIFT_VERSION = 5.0;
				TARGETED_DEVICE_FAMILY = "1,2";
				TEST_TARGET_NAME = DragonBallRocio;
			};
			name = Debug;
		};
		363D66662BA7479900B46B5F /* Release */ = {
			isa = XCBuildConfiguration;
			buildSettings = {
				ALWAYS_EMBED_SWIFT_STANDARD_LIBRARIES = YES;
				CODE_SIGN_STYLE = Automatic;
				CURRENT_PROJECT_VERSION = 1;
				DEVELOPMENT_TEAM = HS49USZ4GG;
				GENERATE_INFOPLIST_FILE = YES;
				MARKETING_VERSION = 1.0;
				PRODUCT_BUNDLE_IDENTIFIER = io.keepcoding.DragonBallRocioUITests;
				PRODUCT_NAME = "$(TARGET_NAME)";
				SWIFT_EMIT_LOC_STRINGS = NO;
				SWIFT_VERSION = 5.0;
				TARGETED_DEVICE_FAMILY = "1,2";
				TEST_TARGET_NAME = DragonBallRocio;
			};
			name = Release;
		};
/* End XCBuildConfiguration section */

/* Begin XCConfigurationList section */
		363D662F2BA7479700B46B5F /* Build configuration list for PBXProject "DragonBallRocio" */ = {
			isa = XCConfigurationList;
			buildConfigurations = (
				363D665C2BA7479900B46B5F /* Debug */,
				363D665D2BA7479900B46B5F /* Release */,
			);
			defaultConfigurationIsVisible = 0;
			defaultConfigurationName = Release;
		};
		363D665E2BA7479900B46B5F /* Build configuration list for PBXNativeTarget "DragonBallRocio" */ = {
			isa = XCConfigurationList;
			buildConfigurations = (
				363D665F2BA7479900B46B5F /* Debug */,
				363D66602BA7479900B46B5F /* Release */,
			);
			defaultConfigurationIsVisible = 0;
			defaultConfigurationName = Release;
		};
		363D66612BA7479900B46B5F /* Build configuration list for PBXNativeTarget "DragonBallRocioTests" */ = {
			isa = XCConfigurationList;
			buildConfigurations = (
				363D66622BA7479900B46B5F /* Debug */,
				363D66632BA7479900B46B5F /* Release */,
			);
			defaultConfigurationIsVisible = 0;
			defaultConfigurationName = Release;
		};
		363D66642BA7479900B46B5F /* Build configuration list for PBXNativeTarget "DragonBallRocioUITests" */ = {
			isa = XCConfigurationList;
			buildConfigurations = (
				363D66652BA7479900B46B5F /* Debug */,
				363D66662BA7479900B46B5F /* Release */,
			);
			defaultConfigurationIsVisible = 0;
			defaultConfigurationName = Release;
		};
/* End XCConfigurationList section */

/* Begin XCRemoteSwiftPackageReference section */
		363D668D2BA750C700B46B5F /* XCRemoteSwiftPackageReference "KcLibraryswift" */ = {
			isa = XCRemoteSwiftPackageReference;
			repositoryURL = "https://github.com/joselbe1976/KcLibraryswift.git";
			requirement = {
				kind = upToNextMajorVersion;
				minimumVersion = 0.0.2;
			};
		};
		363D669A2BA7633200B46B5F /* XCRemoteSwiftPackageReference "CombineCocoa" */ = {
			isa = XCRemoteSwiftPackageReference;
			repositoryURL = "https://github.com/CombineCommunity/CombineCocoa.git";
			requirement = {
				kind = upToNextMajorVersion;
				minimumVersion = 0.4.1;
			};
		};
/* End XCRemoteSwiftPackageReference section */

/* Begin XCSwiftPackageProductDependency section */
		363D668E2BA750C700B46B5F /* KcLibraryswift */ = {
			isa = XCSwiftPackageProductDependency;
			package = 363D668D2BA750C700B46B5F /* XCRemoteSwiftPackageReference "KcLibraryswift" */;
			productName = KcLibraryswift;
		};
		363D669B2BA7633200B46B5F /* CombineCocoa */ = {
			isa = XCSwiftPackageProductDependency;
			package = 363D669A2BA7633200B46B5F /* XCRemoteSwiftPackageReference "CombineCocoa" */;
			productName = CombineCocoa;
		};
/* End XCSwiftPackageProductDependency section */
	};
	rootObject = 363D662C2BA7479700B46B5F /* Project object */;
}
